{
  "pins" : [
    {
      "identity" : "easymetalshader",
      "kind" : "remoteSourceControl",
      "location" : "https://github.com/yukiny0811/EasyMetalShader",
      "state" : {
        "revision" : "a6f0e8142cecadaa28fb0accbc679c53b78eb8c2",
        "version" : "3.2.1"
      }
    },
    {
      "identity" : "swift-syntax",
      "kind" : "remoteSourceControl",
      "location" : "https://github.com/apple/swift-syntax.git",
      "state" : {
        "revision" : "2bc86522d115234d1f588efe2bcb4ce4be8f8b82",
        "version" : "510.0.3"
      }
    }
  ],
  "version" : 2
}
